// !$*UTF8*$!
{
	archiveVersion = 1;
	classes = {
	};
	objectVersion = 56;
	objects = {

/* Begin PBXBuildFile section */
		01010D802AE7DE2B0081C6F4 /* WrongAnswerView.swift in Sources */ = {isa = PBXBuildFile; fileRef = 01010D7F2AE7DE2B0081C6F4 /* WrongAnswerView.swift */; };
		016495112AE26DC600660D3C /* QiuzPageView.swift in Sources */ = {isa = PBXBuildFile; fileRef = 016495102AE26DC600660D3C /* QiuzPageView.swift */; };
		016495132AE2713300660D3C /* Question.swift in Sources */ = {isa = PBXBuildFile; fileRef = 016495122AE2713300660D3C /* Question.swift */; };
		016495152AE27DF800660D3C /* QuestionViewModel.swift in Sources */ = {isa = PBXBuildFile; fileRef = 016495142AE27DF800660D3C /* QuestionViewModel.swift */; };
		016495172AE67C9800660D3C /* CorrectAnswerView.swift in Sources */ = {isa = PBXBuildFile; fileRef = 016495162AE67C9800660D3C /* CorrectAnswerView.swift */; };
		1E7891DD2AE7BAE200A385DA /* WelcomeScreenView.swift in Sources */ = {isa = PBXBuildFile; fileRef = 1E7891DC2AE7BAE200A385DA /* WelcomeScreenView.swift */; };
		69AFC4A62ADE8DC600FFD4C7 /* BeeEducationalApp.swift in Sources */ = {isa = PBXBuildFile; fileRef = 69AFC4A52ADE8DC600FFD4C7 /* BeeEducationalApp.swift */; };
		69AFC4A82ADE8DC600FFD4C7 /* ContentView.swift in Sources */ = {isa = PBXBuildFile; fileRef = 69AFC4A72ADE8DC600FFD4C7 /* ContentView.swift */; };
		69AFC4AA2ADE8DC700FFD4C7 /* Assets.xcassets in Resources */ = {isa = PBXBuildFile; fileRef = 69AFC4A92ADE8DC700FFD4C7 /* Assets.xcassets */; };
		69AFC4AD2ADE8DC700FFD4C7 /* Preview Assets.xcassets in Resources */ = {isa = PBXBuildFile; fileRef = 69AFC4AC2ADE8DC700FFD4C7 /* Preview Assets.xcassets */; };
		69D9CF062AE6760E00FD1808 /* SettingPage.swift in Sources */ = {isa = PBXBuildFile; fileRef = 69D9CF052AE6760E00FD1808 /* SettingPage.swift */; };
		69D9CF082AE6848700FD1808 /* StartingQuiz.swift in Sources */ = {isa = PBXBuildFile; fileRef = 69D9CF072AE6848700FD1808 /* StartingQuiz.swift */; };
		8B6BA0252AE7ADAA00A1996D /* MinigameTrash.swift in Sources */ = {isa = PBXBuildFile; fileRef = 8B6BA0242AE7ADAA00A1996D /* MinigameTrash.swift */; };
		8B6BA0272AE7AE5600A1996D /* MainMenuExample.swift in Sources */ = {isa = PBXBuildFile; fileRef = 8B6BA0262AE7AE5600A1996D /* MainMenuExample.swift */; };
		8B6BA02A2AE7AE9800A1996D /* TrashBinImageView.swift in Sources */ = {isa = PBXBuildFile; fileRef = 8B6BA0292AE7AE9800A1996D /* TrashBinImageView.swift */; };
		8B6BA02D2AE7AEE600A1996D /* TrashBinModel.swift in Sources */ = {isa = PBXBuildFile; fileRef = 8B6BA02C2AE7AEE600A1996D /* TrashBinModel.swift */; };
		8B6BA02F2AE7AF2600A1996D /* ObjectAModel.swift in Sources */ = {isa = PBXBuildFile; fileRef = 8B6BA02E2AE7AF2600A1996D /* ObjectAModel.swift */; };
/* End PBXBuildFile section */

/* Begin PBXFileReference section */
		01010D7F2AE7DE2B0081C6F4 /* WrongAnswerView.swift */ = {isa = PBXFileReference; lastKnownFileType = sourcecode.swift; path = WrongAnswerView.swift; sourceTree = "<group>"; };
		016495102AE26DC600660D3C /* QiuzPageView.swift */ = {isa = PBXFileReference; fileEncoding = 4; lastKnownFileType = sourcecode.swift; name = QiuzPageView.swift; path = BeeEducational/Quiz/QiuzPageView.swift; sourceTree = SOURCE_ROOT; };
		016495122AE2713300660D3C /* Question.swift */ = {isa = PBXFileReference; lastKnownFileType = sourcecode.swift; path = Question.swift; sourceTree = "<group>"; };
		016495142AE27DF800660D3C /* QuestionViewModel.swift */ = {isa = PBXFileReference; lastKnownFileType = sourcecode.swift; path = QuestionViewModel.swift; sourceTree = "<group>"; };
		016495162AE67C9800660D3C /* CorrectAnswerView.swift */ = {isa = PBXFileReference; lastKnownFileType = sourcecode.swift; path = CorrectAnswerView.swift; sourceTree = "<group>"; };
		1E7891DC2AE7BAE200A385DA /* WelcomeScreenView.swift */ = {isa = PBXFileReference; lastKnownFileType = sourcecode.swift; path = WelcomeScreenView.swift; sourceTree = "<group>"; };
		69AFC4A22ADE8DC600FFD4C7 /* BeeEducational.app */ = {isa = PBXFileReference; explicitFileType = wrapper.application; includeInIndex = 0; path = BeeEducational.app; sourceTree = BUILT_PRODUCTS_DIR; };
		69AFC4A52ADE8DC600FFD4C7 /* BeeEducationalApp.swift */ = {isa = PBXFileReference; lastKnownFileType = sourcecode.swift; path = BeeEducationalApp.swift; sourceTree = "<group>"; };
		69AFC4A72ADE8DC600FFD4C7 /* ContentView.swift */ = {isa = PBXFileReference; lastKnownFileType = sourcecode.swift; path = ContentView.swift; sourceTree = "<group>"; };
		69AFC4A92ADE8DC700FFD4C7 /* Assets.xcassets */ = {isa = PBXFileReference; lastKnownFileType = folder.assetcatalog; path = Assets.xcassets; sourceTree = "<group>"; };
		69AFC4AC2ADE8DC700FFD4C7 /* Preview Assets.xcassets */ = {isa = PBXFileReference; lastKnownFileType = folder.assetcatalog; path = "Preview Assets.xcassets"; sourceTree = "<group>"; };
		69D9CF052AE6760E00FD1808 /* SettingPage.swift */ = {isa = PBXFileReference; lastKnownFileType = sourcecode.swift; name = SettingPage.swift; path = ../SettingPage.swift; sourceTree = "<group>"; };
		69D9CF072AE6848700FD1808 /* StartingQuiz.swift */ = {isa = PBXFileReference; lastKnownFileType = sourcecode.swift; path = StartingQuiz.swift; sourceTree = "<group>"; };
		8B6BA0242AE7ADAA00A1996D /* MinigameTrash.swift */ = {isa = PBXFileReference; lastKnownFileType = sourcecode.swift; path = MinigameTrash.swift; sourceTree = "<group>"; };
		8B6BA0262AE7AE5600A1996D /* MainMenuExample.swift */ = {isa = PBXFileReference; lastKnownFileType = sourcecode.swift; path = MainMenuExample.swift; sourceTree = "<group>"; };
		8B6BA0292AE7AE9800A1996D /* TrashBinImageView.swift */ = {isa = PBXFileReference; lastKnownFileType = sourcecode.swift; path = TrashBinImageView.swift; sourceTree = "<group>"; };
		8B6BA02C2AE7AEE600A1996D /* TrashBinModel.swift */ = {isa = PBXFileReference; lastKnownFileType = sourcecode.swift; path = TrashBinModel.swift; sourceTree = "<group>"; };
		8B6BA02E2AE7AF2600A1996D /* ObjectAModel.swift */ = {isa = PBXFileReference; lastKnownFileType = sourcecode.swift; path = ObjectAModel.swift; sourceTree = "<group>"; };
/* End PBXFileReference section */

/* Begin PBXFrameworksBuildPhase section */
		69AFC49F2ADE8DC600FFD4C7 /* Frameworks */ = {
			isa = PBXFrameworksBuildPhase;
			buildActionMask = 2147483647;
			files = (
			);
			runOnlyForDeploymentPostprocessing = 0;
		};
/* End PBXFrameworksBuildPhase section */

/* Begin PBXGroup section */
		01010D812AEA71ED0081C6F4 /* Quiz */ = {
			isa = PBXGroup;
			children = (
				016495102AE26DC600660D3C /* QiuzPageView.swift */,
				016495162AE67C9800660D3C /* CorrectAnswerView.swift */,
				01010D7F2AE7DE2B0081C6F4 /* WrongAnswerView.swift */,
			);
			path = Quiz;
			sourceTree = "<group>";
		};
		69AFC4992ADE8DC600FFD4C7 = {
			isa = PBXGroup;
			children = (
				69AFC4A42ADE8DC600FFD4C7 /* BeeEducational */,
				69AFC4A32ADE8DC600FFD4C7 /* Products */,
			);
			sourceTree = "<group>";
		};
		69AFC4A32ADE8DC600FFD4C7 /* Products */ = {
			isa = PBXGroup;
			children = (
				69AFC4A22ADE8DC600FFD4C7 /* BeeEducational.app */,
			);
			name = Products;
			sourceTree = "<group>";
		};
		69AFC4A42ADE8DC600FFD4C7 /* BeeEducational */ = {
			isa = PBXGroup;
			children = (
				69AFC4A52ADE8DC600FFD4C7 /* BeeEducationalApp.swift */,
				69AFC4A72ADE8DC600FFD4C7 /* ContentView.swift */,
				1E7891DC2AE7BAE200A385DA /* WelcomeScreenView.swift */,
				69D9CF072AE6848700FD1808 /* StartingQuiz.swift */,
				01010D812AEA71ED0081C6F4 /* Quiz */,
				8B6BA0232AE7AD0700A1996D /* Minigame */,
				016495122AE2713300660D3C /* Question.swift */,
				016495142AE27DF800660D3C /* QuestionViewModel.swift */,
				69D9CF052AE6760E00FD1808 /* SettingPage.swift */,
				69AFC4A92ADE8DC700FFD4C7 /* Assets.xcassets */,
				69AFC4AB2ADE8DC700FFD4C7 /* Preview Content */,
			);
			path = BeeEducational;
			sourceTree = "<group>";
		};
		69AFC4AB2ADE8DC700FFD4C7 /* Preview Content */ = {
			isa = PBXGroup;
			children = (
				69AFC4AC2ADE8DC700FFD4C7 /* Preview Assets.xcassets */,
			);
			path = "Preview Content";
			sourceTree = "<group>";
		};
		8B6BA0232AE7AD0700A1996D /* Minigame */ = {
			isa = PBXGroup;
			children = (
				8B6BA02B2AE7AEC500A1996D /* ObjectDef */,
				8B6BA0282AE7AE8600A1996D /* ObjectImageView */,
				8B6BA0242AE7ADAA00A1996D /* MinigameTrash.swift */,
				8B6BA0262AE7AE5600A1996D /* MainMenuExample.swift */,
			);
			path = Minigame;
			sourceTree = "<group>";
		};
		8B6BA0282AE7AE8600A1996D /* ObjectImageView */ = {
			isa = PBXGroup;
			children = (
				8B6BA0292AE7AE9800A1996D /* TrashBinImageView.swift */,
			);
			path = ObjectImageView;
			sourceTree = "<group>";
		};
		8B6BA02B2AE7AEC500A1996D /* ObjectDef */ = {
			isa = PBXGroup;
			children = (
				8B6BA02C2AE7AEE600A1996D /* TrashBinModel.swift */,
				8B6BA02E2AE7AF2600A1996D /* ObjectAModel.swift */,
			);
			path = ObjectDef;
			sourceTree = "<group>";
		};
/* End PBXGroup section */

/* Begin PBXNativeTarget section */
		69AFC4A12ADE8DC600FFD4C7 /* BeeEducational */ = {
			isa = PBXNativeTarget;
			buildConfigurationList = 69AFC4B02ADE8DC700FFD4C7 /* Build configuration list for PBXNativeTarget "BeeEducational" */;
			buildPhases = (
				69AFC49E2ADE8DC600FFD4C7 /* Sources */,
				69AFC49F2ADE8DC600FFD4C7 /* Frameworks */,
				69AFC4A02ADE8DC600FFD4C7 /* Resources */,
			);
			buildRules = (
			);
			dependencies = (
			);
			name = BeeEducational;
			productName = BeeEducational;
			productReference = 69AFC4A22ADE8DC600FFD4C7 /* BeeEducational.app */;
			productType = "com.apple.product-type.application";
		};
/* End PBXNativeTarget section */

/* Begin PBXProject section */
		69AFC49A2ADE8DC600FFD4C7 /* Project object */ = {
			isa = PBXProject;
			attributes = {
				BuildIndependentTargetsInParallel = 1;
				LastSwiftUpdateCheck = 1500;
				LastUpgradeCheck = 1500;
				TargetAttributes = {
					69AFC4A12ADE8DC600FFD4C7 = {
						CreatedOnToolsVersion = 15.0;
					};
				};
			};
			buildConfigurationList = 69AFC49D2ADE8DC600FFD4C7 /* Build configuration list for PBXProject "BeeEducational" */;
			compatibilityVersion = "Xcode 14.0";
			developmentRegion = en;
			hasScannedForEncodings = 0;
			knownRegions = (
				en,
				Base,
			);
			mainGroup = 69AFC4992ADE8DC600FFD4C7;
			productRefGroup = 69AFC4A32ADE8DC600FFD4C7 /* Products */;
			projectDirPath = "";
			projectRoot = "";
			targets = (
				69AFC4A12ADE8DC600FFD4C7 /* BeeEducational */,
			);
		};
/* End PBXProject section */

/* Begin PBXResourcesBuildPhase section */
		69AFC4A02ADE8DC600FFD4C7 /* Resources */ = {
			isa = PBXResourcesBuildPhase;
			buildActionMask = 2147483647;
			files = (
				69AFC4AD2ADE8DC700FFD4C7 /* Preview Assets.xcassets in Resources */,
				69AFC4AA2ADE8DC700FFD4C7 /* Assets.xcassets in Resources */,
			);
			runOnlyForDeploymentPostprocessing = 0;
		};
/* End PBXResourcesBuildPhase section */

/* Begin PBXSourcesBuildPhase section */
		69AFC49E2ADE8DC600FFD4C7 /* Sources */ = {
			isa = PBXSourcesBuildPhase;
			buildActionMask = 2147483647;
			files = (
				69AFC4A82ADE8DC600FFD4C7 /* ContentView.swift in Sources */,
				8B6BA0252AE7ADAA00A1996D /* MinigameTrash.swift in Sources */,
				016495112AE26DC600660D3C /* QiuzPageView.swift in Sources */,
				69D9CF082AE6848700FD1808 /* StartingQuiz.swift in Sources */,
				016495172AE67C9800660D3C /* CorrectAnswerView.swift in Sources */,
				8B6BA02F2AE7AF2600A1996D /* ObjectAModel.swift in Sources */,
				016495152AE27DF800660D3C /* QuestionViewModel.swift in Sources */,
				1E7891DD2AE7BAE200A385DA /* WelcomeScreenView.swift in Sources */,
				8B6BA0272AE7AE5600A1996D /* MainMenuExample.swift in Sources */,
				01010D802AE7DE2B0081C6F4 /* WrongAnswerView.swift in Sources */,
				016495132AE2713300660D3C /* Question.swift in Sources */,
				69AFC4A62ADE8DC600FFD4C7 /* BeeEducationalApp.swift in Sources */,
				69D9CF062AE6760E00FD1808 /* SettingPage.swift in Sources */,
				8B6BA02D2AE7AEE600A1996D /* TrashBinModel.swift in Sources */,
				8B6BA02A2AE7AE9800A1996D /* TrashBinImageView.swift in Sources */,
			);
			runOnlyForDeploymentPostprocessing = 0;
		};
/* End PBXSourcesBuildPhase section */

/* Begin XCBuildConfiguration section */
		69AFC4AE2ADE8DC700FFD4C7 /* Debug */ = {
			isa = XCBuildConfiguration;
			buildSettings = {
				ALWAYS_SEARCH_USER_PATHS = NO;
				ASSETCATALOG_COMPILER_GENERATE_SWIFT_ASSET_SYMBOL_EXTENSIONS = YES;
				CLANG_ANALYZER_NONNULL = YES;
				CLANG_ANALYZER_NUMBER_OBJECT_CONVERSION = YES_AGGRESSIVE;
				CLANG_CXX_LANGUAGE_STANDARD = "gnu++20";
				CLANG_ENABLE_MODULES = YES;
				CLANG_ENABLE_OBJC_ARC = YES;
				CLANG_ENABLE_OBJC_WEAK = YES;
				CLANG_WARN_BLOCK_CAPTURE_AUTORELEASING = YES;
				CLANG_WARN_BOOL_CONVERSION = YES;
				CLANG_WARN_COMMA = YES;
				CLANG_WARN_CONSTANT_CONVERSION = YES;
				CLANG_WARN_DEPRECATED_OBJC_IMPLEMENTATIONS = YES;
				CLANG_WARN_DIRECT_OBJC_ISA_USAGE = YES_ERROR;
				CLANG_WARN_DOCUMENTATION_COMMENTS = YES;
				CLANG_WARN_EMPTY_BODY = YES;
				CLANG_WARN_ENUM_CONVERSION = YES;
				CLANG_WARN_INFINITE_RECURSION = YES;
				CLANG_WARN_INT_CONVERSION = YES;
				CLANG_WARN_NON_LITERAL_NULL_CONVERSION = YES;
				CLANG_WARN_OBJC_IMPLICIT_RETAIN_SELF = YES;
				CLANG_WARN_OBJC_LITERAL_CONVERSION = YES;
				CLANG_WARN_OBJC_ROOT_CLASS = YES_ERROR;
				CLANG_WARN_QUOTED_INCLUDE_IN_FRAMEWORK_HEADER = YES;
				CLANG_WARN_RANGE_LOOP_ANALYSIS = YES;
				CLANG_WARN_STRICT_PROTOTYPES = YES;
				CLANG_WARN_SUSPICIOUS_MOVE = YES;
				CLANG_WARN_UNGUARDED_AVAILABILITY = YES_AGGRESSIVE;
				CLANG_WARN_UNREACHABLE_CODE = YES;
				CLANG_WARN__DUPLICATE_METHOD_MATCH = YES;
				COPY_PHASE_STRIP = NO;
				DEBUG_INFORMATION_FORMAT = dwarf;
				ENABLE_STRICT_OBJC_MSGSEND = YES;
				ENABLE_TESTABILITY = YES;
				ENABLE_USER_SCRIPT_SANDBOXING = YES;
				GCC_C_LANGUAGE_STANDARD = gnu17;
				GCC_DYNAMIC_NO_PIC = NO;
				GCC_NO_COMMON_BLOCKS = YES;
				GCC_OPTIMIZATION_LEVEL = 0;
				GCC_PREPROCESSOR_DEFINITIONS = (
					"DEBUG=1",
					"$(inherited)",
				);
				GCC_WARN_64_TO_32_BIT_CONVERSION = YES;
				GCC_WARN_ABOUT_RETURN_TYPE = YES_ERROR;
				GCC_WARN_UNDECLARED_SELECTOR = YES;
				GCC_WARN_UNINITIALIZED_AUTOS = YES_AGGRESSIVE;
				GCC_WARN_UNUSED_FUNCTION = YES;
				GCC_WARN_UNUSED_VARIABLE = YES;
				IPHONEOS_DEPLOYMENT_TARGET = 17.0;
				LOCALIZATION_PREFERS_STRING_CATALOGS = YES;
				MTL_ENABLE_DEBUG_INFO = INCLUDE_SOURCE;
				MTL_FAST_MATH = YES;
				ONLY_ACTIVE_ARCH = YES;
				SDKROOT = iphoneos;
				SWIFT_ACTIVE_COMPILATION_CONDITIONS = "DEBUG $(inherited)";
				SWIFT_OPTIMIZATION_LEVEL = "-Onone";
			};
			name = Debug;
		};
		69AFC4AF2ADE8DC700FFD4C7 /* Release */ = {
			isa = XCBuildConfiguration;
			buildSettings = {
				ALWAYS_SEARCH_USER_PATHS = NO;
				ASSETCATALOG_COMPILER_GENERATE_SWIFT_ASSET_SYMBOL_EXTENSIONS = YES;
				CLANG_ANALYZER_NONNULL = YES;
				CLANG_ANALYZER_NUMBER_OBJECT_CONVERSION = YES_AGGRESSIVE;
				CLANG_CXX_LANGUAGE_STANDARD = "gnu++20";
				CLANG_ENABLE_MODULES = YES;
				CLANG_ENABLE_OBJC_ARC = YES;
				CLANG_ENABLE_OBJC_WEAK = YES;
				CLANG_WARN_BLOCK_CAPTURE_AUTORELEASING = YES;
				CLANG_WARN_BOOL_CONVERSION = YES;
				CLANG_WARN_COMMA = YES;
				CLANG_WARN_CONSTANT_CONVERSION = YES;
				CLANG_WARN_DEPRECATED_OBJC_IMPLEMENTATIONS = YES;
				CLANG_WARN_DIRECT_OBJC_ISA_USAGE = YES_ERROR;
				CLANG_WARN_DOCUMENTATION_COMMENTS = YES;
				CLANG_WARN_EMPTY_BODY = YES;
				CLANG_WARN_ENUM_CONVERSION = YES;
				CLANG_WARN_INFINITE_RECURSION = YES;
				CLANG_WARN_INT_CONVERSION = YES;
				CLANG_WARN_NON_LITERAL_NULL_CONVERSION = YES;
				CLANG_WARN_OBJC_IMPLICIT_RETAIN_SELF = YES;
				CLANG_WARN_OBJC_LITERAL_CONVERSION = YES;
				CLANG_WARN_OBJC_ROOT_CLASS = YES_ERROR;
				CLANG_WARN_QUOTED_INCLUDE_IN_FRAMEWORK_HEADER = YES;
				CLANG_WARN_RANGE_LOOP_ANALYSIS = YES;
				CLANG_WARN_STRICT_PROTOTYPES = YES;
				CLANG_WARN_SUSPICIOUS_MOVE = YES;
				CLANG_WARN_UNGUARDED_AVAILABILITY = YES_AGGRESSIVE;
				CLANG_WARN_UNREACHABLE_CODE = YES;
				CLANG_WARN__DUPLICATE_METHOD_MATCH = YES;
				COPY_PHASE_STRIP = NO;
				DEBUG_INFORMATION_FORMAT = "dwarf-with-dsym";
				ENABLE_NS_ASSERTIONS = NO;
				ENABLE_STRICT_OBJC_MSGSEND = YES;
				ENABLE_USER_SCRIPT_SANDBOXING = YES;
				GCC_C_LANGUAGE_STANDARD = gnu17;
				GCC_NO_COMMON_BLOCKS = YES;
				GCC_WARN_64_TO_32_BIT_CONVERSION = YES;
				GCC_WARN_ABOUT_RETURN_TYPE = YES_ERROR;
				GCC_WARN_UNDECLARED_SELECTOR = YES;
				GCC_WARN_UNINITIALIZED_AUTOS = YES_AGGRESSIVE;
				GCC_WARN_UNUSED_FUNCTION = YES;
				GCC_WARN_UNUSED_VARIABLE = YES;
				IPHONEOS_DEPLOYMENT_TARGET = 17.0;
				LOCALIZATION_PREFERS_STRING_CATALOGS = YES;
				MTL_ENABLE_DEBUG_INFO = NO;
				MTL_FAST_MATH = YES;
				SDKROOT = iphoneos;
				SWIFT_COMPILATION_MODE = wholemodule;
				VALIDATE_PRODUCT = YES;
			};
			name = Release;
		};
		69AFC4B12ADE8DC700FFD4C7 /* Debug */ = {
			isa = XCBuildConfiguration;
			buildSettings = {
				ASSETCATALOG_COMPILER_APPICON_NAME = AppIcon;
				ASSETCATALOG_COMPILER_GLOBAL_ACCENT_COLOR_NAME = AccentColor;
				CODE_SIGN_STYLE = Automatic;
				CURRENT_PROJECT_VERSION = 1;
				DEVELOPMENT_ASSET_PATHS = "\"BeeEducational/Preview Content\"";
				DEVELOPMENT_TEAM = Y8K46BUAB8;
				ENABLE_PREVIEWS = YES;
				GENERATE_INFOPLIST_FILE = YES;
				INFOPLIST_KEY_UIApplicationSceneManifest_Generation = YES;
				INFOPLIST_KEY_UIApplicationSupportsIndirectInputEvents = YES;
				INFOPLIST_KEY_UILaunchScreen_Generation = YES;
				INFOPLIST_KEY_UISupportedInterfaceOrientations_iPad = "UIInterfaceOrientationPortrait UIInterfaceOrientationPortraitUpsideDown UIInterfaceOrientationLandscapeLeft UIInterfaceOrientationLandscapeRight";
				INFOPLIST_KEY_UISupportedInterfaceOrientations_iPhone = "UIInterfaceOrientationPortrait UIInterfaceOrientationLandscapeLeft UIInterfaceOrientationLandscapeRight";
				LD_RUNPATH_SEARCH_PATHS = (
					"$(inherited)",
					"@executable_path/Frameworks",
				);
				MARKETING_VERSION = 1.0;
				PRODUCT_BUNDLE_IDENTIFIER = com.LuCapori.BeeEducational;
				PRODUCT_NAME = "$(TARGET_NAME)";
				SWIFT_EMIT_LOC_STRINGS = YES;
				SWIFT_VERSION = 5.0;
				TARGETED_DEVICE_FAMILY = "1,2";
			};
			name = Debug;
		};
		69AFC4B22ADE8DC700FFD4C7 /* Release */ = {
			isa = XCBuildConfiguration;
			buildSettings = {
				ASSETCATALOG_COMPILER_APPICON_NAME = AppIcon;
				ASSETCATALOG_COMPILER_GLOBAL_ACCENT_COLOR_NAME = AccentColor;
				CODE_SIGN_STYLE = Automatic;
				CURRENT_PROJECT_VERSION = 1;
				DEVELOPMENT_ASSET_PATHS = "\"BeeEducational/Preview Content\"";
				DEVELOPMENT_TEAM = Y8K46BUAB8;
				ENABLE_PREVIEWS = YES;
				GENERATE_INFOPLIST_FILE = YES;
				INFOPLIST_KEY_UIApplicationSceneManifest_Generation = YES;
				INFOPLIST_KEY_UIApplicationSupportsIndirectInputEvents = YES;
				INFOPLIST_KEY_UILaunchScreen_Generation = YES;
				INFOPLIST_KEY_UISupportedInterfaceOrientations_iPad = "UIInterfaceOrientationPortrait UIInterfaceOrientationPortraitUpsideDown UIInterfaceOrientationLandscapeLeft UIInterfaceOrientationLandscapeRight";
				INFOPLIST_KEY_UISupportedInterfaceOrientations_iPhone = "UIInterfaceOrientationPortrait UIInterfaceOrientationLandscapeLeft UIInterfaceOrientationLandscapeRight";
				LD_RUNPATH_SEARCH_PATHS = (
					"$(inherited)",
					"@executable_path/Frameworks",
				);
				MARKETING_VERSION = 1.0;
				PRODUCT_BUNDLE_IDENTIFIER = com.LuCapori.BeeEducational;
				PRODUCT_NAME = "$(TARGET_NAME)";
				SWIFT_EMIT_LOC_STRINGS = YES;
				SWIFT_VERSION = 5.0;
				TARGETED_DEVICE_FAMILY = "1,2";
			};
			name = Release;
		};
/* End XCBuildConfiguration section */

/* Begin XCConfigurationList section */
		69AFC49D2ADE8DC600FFD4C7 /* Build configuration list for PBXProject "BeeEducational" */ = {
			isa = XCConfigurationList;
			buildConfigurations = (
				69AFC4AE2ADE8DC700FFD4C7 /* Debug */,
				69AFC4AF2ADE8DC700FFD4C7 /* Release */,
			);
			defaultConfigurationIsVisible = 0;
			defaultConfigurationName = Release;
		};
		69AFC4B02ADE8DC700FFD4C7 /* Build configuration list for PBXNativeTarget "BeeEducational" */ = {
			isa = XCConfigurationList;
			buildConfigurations = (
				69AFC4B12ADE8DC700FFD4C7 /* Debug */,
				69AFC4B22ADE8DC700FFD4C7 /* Release */,
			);
			defaultConfigurationIsVisible = 0;
			defaultConfigurationName = Release;
		};
/* End XCConfigurationList section */
	};
	rootObject = 69AFC49A2ADE8DC600FFD4C7 /* Project object */;
}
